
Microsoft Visual Studio Solution File, Format Version 12.00
# Visual Studio Version 17
VisualStudioVersion = 17.11.35303.130
MinimumVisualStudioVersion = 10.0.40219.1
Project("{8BC9CEB8-8B4A-11D0-8D11-00A0C91BC942}") = "Sandbox", "Sandbox\Sandbox.vcxproj", "{C3613263-36AF-4A01-8E51-6ED121E8C8D4}"
EndProject
Project("{8BC9CEB8-8B4A-11D0-8D11-00A0C91BC942}") = "nutcracker", "nutcracker\nutcracker.vcxproj", "{A7EBD306-D113-4F42-A9D5-C2E06C1D2528}"
EndProject
Global
	GlobalSection(SolutionConfigurationPlatforms) = preSolution
		Debug|x64 = Debug|x64
		Release|x64 = Release|x64
	EndGlobalSection
	GlobalSection(ProjectConfigurationPlatforms) = postSolution
		{A7EBD306-D113-4F42-A9D5-C2E06C1D2528}.Debug|x64.ActiveCfg = Debug|x64
		{A7EBD306-D113-4F42-A9D5-C2E06C1D2528}.Debug|x64.Build.0 = Debug|x64
		{A7EBD306-D113-4F42-A9D5-C2E06C1D2528}.Release|x64.ActiveCfg = Release|x64
		{A7EBD306-D113-4F42-A9D5-C2E06C1D2528}.Release|x64.Build.0 = Release|x64
		{C3613263-36AF-4A01-8E51-6ED121E8C8D4}.Debug|x64.ActiveCfg = Debug|x64
		{C3613263-36AF-4A01-8E51-6ED121E8C8D4}.Debug|x64.Build.0 = Debug|x64
		{C3613263-36AF-4A01-8E51-6ED121E8C8D4}.Release|x64.ActiveCfg = Release|x64
		{C3613263-36AF-4A01-8E51-6ED121E8C8D4}.Release|x64.Build.0 = Release|x64
	EndGlobalSection
	GlobalSection(SolutionProperties) = preSolution
		HideSolutionNode = FALSE
	EndGlobalSection
	GlobalSection(ExtensibilityGlobals) = postSolution
		SolutionGuid = {5F0ED3B5-3491-46C3-A0EA-F1F0076A97AA}
	EndGlobalSection
EndGlobal
